{
  "name": "ajs-2",
  "version": "1.0.0",
  "lockfileVersion": 2,
  "requires": true,
  "packages": {
    "": {
      "name": "ajs-2",
      "version": "1.0.0",
      "license": "ISC",
      "dependencies": {
        "@89yamal/ajs": "^1.0.0"
      }
    },
    "node_modules/@89yamal/ajs": {
      "version": "1.0.0",
      "resolved": "https://npm.pkg.github.com/download/@89yamal/ajs/1.0.0/b07af24ad17dd0b0170a7017bd702864ea0d3eb0",
      "integrity": "sha512-rGtYwYt3vc1Q8F6TBXntxZCXZQKaM+nNLcrBY3Dkf8ubiR5JKCux2DRKelgB3Ec1eAweFgPwtj+mKR78L0rw9g==",
      "license": "ISC"
    }
  },
  "dependencies": {
    "@89yamal/ajs": {
      "version": "1.0.0",
      "resolved": "https://npm.pkg.github.com/download/@89yamal/ajs/1.0.0/b07af24ad17dd0b0170a7017bd702864ea0d3eb0",
      "integrity": "sha512-rGtYwYt3vc1Q8F6TBXntxZCXZQKaM+nNLcrBY3Dkf8ubiR5JKCux2DRKelgB3Ec1eAweFgPwtj+mKR78L0rw9g=="
    }
  }
}
